
Microsoft Visual Studio Solution File, Format Version 12.00
# Visual Studio Version 17
VisualStudioVersion = 17.5.33516.290
MinimumVisualStudioVersion = 10.0.40219.1
Project("{FAE04EC0-301F-11D3-BF4B-00C04F79EFBC}") = "Homework5", "Homework5\Homework5.csproj", "{813BBC59-EB52-4113-8387-A3DC0CF797C4}"
EndProject
Global
	GlobalSection(SolutionConfigurationPlatforms) = preSolution
		Debug|Any CPU = Debug|Any CPU
		Release|Any CPU = Release|Any CPU
	EndGlobalSection
	GlobalSection(ProjectConfigurationPlatforms) = postSolution
		{813BBC59-EB52-4113-8387-A3DC0CF797C4}.Debug|Any CPU.ActiveCfg = Debug|Any CPU
		{813BBC59-EB52-4113-8387-A3DC0CF797C4}.Debug|Any CPU.Build.0 = Debug|Any CPU
		{813BBC59-EB52-4113-8387-A3DC0CF797C4}.Release|Any CPU.ActiveCfg = Release|Any CPU
		{813BBC59-EB52-4113-8387-A3DC0CF797C4}.Release|Any CPU.Build.0 = Release|Any CPU
	EndGlobalSection
	GlobalSection(SolutionProperties) = preSolution
		HideSolutionNode = FALSE
	EndGlobalSection
	GlobalSection(ExtensibilityGlobals) = postSolution
		SolutionGuid = {ECE1F043-E335-4222-9A25-E7EA95EB6B49}
	EndGlobalSection
EndGlobal
