
Microsoft Visual Studio Solution File, Format Version 12.00
# Visual Studio Version 17
VisualStudioVersion = 17.6.33815.320
MinimumVisualStudioVersion = 10.0.40219.1
Project("{FAE04EC0-301F-11D3-BF4B-00C04F79EFBC}") = "Homework1.2", "Homework1.2\Homework1.2.csproj", "{7AA7513C-4A97-4CC3-928E-E47D6C287F86}"
EndProject
Global
	GlobalSection(SolutionConfigurationPlatforms) = preSolution
		Debug|Any CPU = Debug|Any CPU
		Release|Any CPU = Release|Any CPU
	EndGlobalSection
	GlobalSection(ProjectConfigurationPlatforms) = postSolution
		{7AA7513C-4A97-4CC3-928E-E47D6C287F86}.Debug|Any CPU.ActiveCfg = Debug|Any CPU
		{7AA7513C-4A97-4CC3-928E-E47D6C287F86}.Debug|Any CPU.Build.0 = Debug|Any CPU
		{7AA7513C-4A97-4CC3-928E-E47D6C287F86}.Release|Any CPU.ActiveCfg = Release|Any CPU
		{7AA7513C-4A97-4CC3-928E-E47D6C287F86}.Release|Any CPU.Build.0 = Release|Any CPU
	EndGlobalSection
	GlobalSection(SolutionProperties) = preSolution
		HideSolutionNode = FALSE
	EndGlobalSection
	GlobalSection(ExtensibilityGlobals) = postSolution
		SolutionGuid = {196E5203-8491-4A54-BEC4-A5FCAE7137E7}
	EndGlobalSection
EndGlobal
