
Microsoft Visual Studio Solution File, Format Version 12.00
# Visual Studio Version 17
VisualStudioVersion = 17.5.33516.290
MinimumVisualStudioVersion = 10.0.40219.1
Project("{9A19103F-16F7-4668-BE54-9A1E7A4F7556}") = "Homework", "Homework\Homework.csproj", "{B0B529B6-3528-4A47-8AAF-E856E9C8F5F1}"
EndProject
Project("{FAE04EC0-301F-11D3-BF4B-00C04F79EFBC}") = "Shape.Tests", "Shape.Tests\Shape.Tests.csproj", "{AA2EB7ED-482B-45A4-B5FA-F37BB6CB39C3}"
EndProject
Global
	GlobalSection(SolutionConfigurationPlatforms) = preSolution
		Debug|Any CPU = Debug|Any CPU
		Release|Any CPU = Release|Any CPU
	EndGlobalSection
	GlobalSection(ProjectConfigurationPlatforms) = postSolution
		{B0B529B6-3528-4A47-8AAF-E856E9C8F5F1}.Debug|Any CPU.ActiveCfg = Debug|Any CPU
		{B0B529B6-3528-4A47-8AAF-E856E9C8F5F1}.Debug|Any CPU.Build.0 = Debug|Any CPU
		{B0B529B6-3528-4A47-8AAF-E856E9C8F5F1}.Release|Any CPU.ActiveCfg = Release|Any CPU
		{B0B529B6-3528-4A47-8AAF-E856E9C8F5F1}.Release|Any CPU.Build.0 = Release|Any CPU
		{AA2EB7ED-482B-45A4-B5FA-F37BB6CB39C3}.Debug|Any CPU.ActiveCfg = Debug|Any CPU
		{AA2EB7ED-482B-45A4-B5FA-F37BB6CB39C3}.Debug|Any CPU.Build.0 = Debug|Any CPU
		{AA2EB7ED-482B-45A4-B5FA-F37BB6CB39C3}.Release|Any CPU.ActiveCfg = Release|Any CPU
		{AA2EB7ED-482B-45A4-B5FA-F37BB6CB39C3}.Release|Any CPU.Build.0 = Release|Any CPU
	EndGlobalSection
	GlobalSection(SolutionProperties) = preSolution
		HideSolutionNode = FALSE
	EndGlobalSection
	GlobalSection(ExtensibilityGlobals) = postSolution
		SolutionGuid = {AA6CD9B7-875B-4B0F-80F4-97E0A27A453A}
	EndGlobalSection
EndGlobal
