
Microsoft Visual Studio Solution File, Format Version 12.00
# Visual Studio Version 17
VisualStudioVersion = 17.5.33516.290
MinimumVisualStudioVersion = 10.0.40219.1
<<<<<<<< HEAD:Homework1/FirstTask/FirstHomework.sln
Project("{FAE04EC0-301F-11D3-BF4B-00C04F79EFBC}") = "FirstTask", "FirstHomework\FirstTask.csproj", "{F89CB23D-3135-421C-A664-04D3009AA75F}"
========
Project("{FAE04EC0-301F-11D3-BF4B-00C04F79EFBC}") = "SecondProject", "SecondProject\SecondProject.csproj", "{9C87563B-C9BE-4B2E-BB5F-7282B2FE663A}"
>>>>>>>> dce3dc1cd50939ecab24325bb7b1088b8c096d7d:Homework1/SecondProject/SecondProject.sln
EndProject
Global
	GlobalSection(SolutionConfigurationPlatforms) = preSolution
		Debug|Any CPU = Debug|Any CPU
		Release|Any CPU = Release|Any CPU
	EndGlobalSection
	GlobalSection(ProjectConfigurationPlatforms) = postSolution
<<<<<<<< HEAD:Homework1/FirstTask/FirstHomework.sln
		{F89CB23D-3135-421C-A664-04D3009AA75F}.Debug|Any CPU.ActiveCfg = Debug|Any CPU
		{F89CB23D-3135-421C-A664-04D3009AA75F}.Debug|Any CPU.Build.0 = Debug|Any CPU
		{F89CB23D-3135-421C-A664-04D3009AA75F}.Release|Any CPU.ActiveCfg = Release|Any CPU
		{F89CB23D-3135-421C-A664-04D3009AA75F}.Release|Any CPU.Build.0 = Release|Any CPU
========
		{9C87563B-C9BE-4B2E-BB5F-7282B2FE663A}.Debug|Any CPU.ActiveCfg = Debug|Any CPU
		{9C87563B-C9BE-4B2E-BB5F-7282B2FE663A}.Debug|Any CPU.Build.0 = Debug|Any CPU
		{9C87563B-C9BE-4B2E-BB5F-7282B2FE663A}.Release|Any CPU.ActiveCfg = Release|Any CPU
		{9C87563B-C9BE-4B2E-BB5F-7282B2FE663A}.Release|Any CPU.Build.0 = Release|Any CPU
>>>>>>>> dce3dc1cd50939ecab24325bb7b1088b8c096d7d:Homework1/SecondProject/SecondProject.sln
	EndGlobalSection
	GlobalSection(SolutionProperties) = preSolution
		HideSolutionNode = FALSE
	EndGlobalSection
	GlobalSection(ExtensibilityGlobals) = postSolution
<<<<<<<< HEAD:Homework1/FirstTask/FirstHomework.sln
		SolutionGuid = {B8EEB0AA-0771-401E-98EA-2E27F9644702}
========
		SolutionGuid = {FDF7EC5C-AA71-4911-84F3-7F99FD6EE54A}
>>>>>>>> dce3dc1cd50939ecab24325bb7b1088b8c096d7d:Homework1/SecondProject/SecondProject.sln
	EndGlobalSection
EndGlobal
